
Microsoft Visual Studio Solution File, Format Version 12.00
# Visual Studio Version 16
VisualStudioVersion = 16.0.31005.135
MinimumVisualStudioVersion = 10.0.40219.1
Project("{8BC9CEB8-8B4A-11D0-8D11-00A0C91BC942}") = "PoePoem", "PoePoem.vcxproj", "{EE4C330F-6688-428B-B51F-12BE4BCB8504}"
EndProject
Global
	GlobalSection(SolutionConfigurationPlatforms) = preSolution
		Debug|x64 = Debug|x64
		Debug|x86 = Debug|x86
		Release|x64 = Release|x64
		Release|x86 = Release|x86
	EndGlobalSection
	GlobalSection(ProjectConfigurationPlatforms) = postSolution
		{EE4C330F-6688-428B-B51F-12BE4BCB8504}.Debug|x64.ActiveCfg = Debug|x64
		{EE4C330F-6688-428B-B51F-12BE4BCB8504}.Debug|x64.Build.0 = Debug|x64
		{EE4C330F-6688-428B-B51F-12BE4BCB8504}.Debug|x86.ActiveCfg = Debug|Win32
		{EE4C330F-6688-428B-B51F-12BE4BCB8504}.Debug|x86.Build.0 = Debug|Win32
		{EE4C330F-6688-428B-B51F-12BE4BCB8504}.Release|x64.ActiveCfg = Release|x64
		{EE4C330F-6688-428B-B51F-12BE4BCB8504}.Release|x64.Build.0 = Release|x64
		{EE4C330F-6688-428B-B51F-12BE4BCB8504}.Release|x86.ActiveCfg = Release|Win32
		{EE4C330F-6688-428B-B51F-12BE4BCB8504}.Release|x86.Build.0 = Release|Win32
	EndGlobalSection
	GlobalSection(SolutionProperties) = preSolution
		HideSolutionNode = FALSE
	EndGlobalSection
	GlobalSection(ExtensibilityGlobals) = postSolution
		SolutionGuid = {99198D37-F4FD-48B4-B227-72F270548C0D}
	EndGlobalSection
EndGlobal
